
Microsoft Visual Studio Solution File, Format Version 12.00
# Visual Studio Version 17
VisualStudioVersion = 17.3.32825.248
MinimumVisualStudioVersion = 10.0.40219.1
Project("{8BC9CEB8-8B4A-11D0-8D11-00A0C91BC942}") = "лаба6", "лаба6\лаба6.vcxproj", "{938AE248-111A-4C51-B346-543C9A3E1302}"
EndProject
Global
	GlobalSection(SolutionConfigurationPlatforms) = preSolution
		Debug|x64 = Debug|x64
		Debug|x86 = Debug|x86
		Release|x64 = Release|x64
		Release|x86 = Release|x86
	EndGlobalSection
	GlobalSection(ProjectConfigurationPlatforms) = postSolution
		{938AE248-111A-4C51-B346-543C9A3E1302}.Debug|x64.ActiveCfg = Debug|x64
		{938AE248-111A-4C51-B346-543C9A3E1302}.Debug|x64.Build.0 = Debug|x64
		{938AE248-111A-4C51-B346-543C9A3E1302}.Debug|x86.ActiveCfg = Debug|Win32
		{938AE248-111A-4C51-B346-543C9A3E1302}.Debug|x86.Build.0 = Debug|Win32
		{938AE248-111A-4C51-B346-543C9A3E1302}.Release|x64.ActiveCfg = Release|x64
		{938AE248-111A-4C51-B346-543C9A3E1302}.Release|x64.Build.0 = Release|x64
		{938AE248-111A-4C51-B346-543C9A3E1302}.Release|x86.ActiveCfg = Release|Win32
		{938AE248-111A-4C51-B346-543C9A3E1302}.Release|x86.Build.0 = Release|Win32
	EndGlobalSection
	GlobalSection(SolutionProperties) = preSolution
		HideSolutionNode = FALSE
	EndGlobalSection
	GlobalSection(ExtensibilityGlobals) = postSolution
		SolutionGuid = {799F93BE-202F-4E70-9D11-1C5CA20ABD57}
	EndGlobalSection
EndGlobal
